// !$*UTF8*$!
{
	archiveVersion = 1;
	classes = {
	};
	objectVersion = 46;
	objects = {

/* Begin PBXBuildFile section */
		619C1FAF1AEBECEF00DA1F6A /* AppDelegate.swift in Sources */ = {isa = PBXBuildFile; fileRef = 619C1FAE1AEBECEF00DA1F6A /* AppDelegate.swift */; };
		619C1FB21AEBECEF00DA1F6A /* ToDoList_Swift.xcdatamodeld in Sources */ = {isa = PBXBuildFile; fileRef = 619C1FB01AEBECEF00DA1F6A /* ToDoList_Swift.xcdatamodeld */; };
		619C1FB41AEBECEF00DA1F6A /* LoginViewController.swift in Sources */ = {isa = PBXBuildFile; fileRef = 619C1FB31AEBECEF00DA1F6A /* LoginViewController.swift */; };
		619C1FB71AEBECEF00DA1F6A /* Main.storyboard in Resources */ = {isa = PBXBuildFile; fileRef = 619C1FB51AEBECEF00DA1F6A /* Main.storyboard */; };
		619C1FB91AEBECEF00DA1F6A /* Images.xcassets in Resources */ = {isa = PBXBuildFile; fileRef = 619C1FB81AEBECEF00DA1F6A /* Images.xcassets */; };
		619C1FBC1AEBECEF00DA1F6A /* LaunchScreen.xib in Resources */ = {isa = PBXBuildFile; fileRef = 619C1FBA1AEBECEF00DA1F6A /* LaunchScreen.xib */; };
		619C1FC81AEBECEF00DA1F6A /* ToDoList_SwiftTests.swift in Sources */ = {isa = PBXBuildFile; fileRef = 619C1FC71AEBECEF00DA1F6A /* ToDoList_SwiftTests.swift */; };
		619C1FD21AEC030F00DA1F6A /* ReturnBackTextField.swift in Sources */ = {isa = PBXBuildFile; fileRef = 619C1FD11AEC030F00DA1F6A /* ReturnBackTextField.swift */; };
		619C1FD41AEC07C500DA1F6A /* CreateAccountViewController.swift in Sources */ = {isa = PBXBuildFile; fileRef = 619C1FD31AEC07C500DA1F6A /* CreateAccountViewController.swift */; };
/* End PBXBuildFile section */

/* Begin PBXContainerItemProxy section */
		619C1FC21AEBECEF00DA1F6A /* PBXContainerItemProxy */ = {
			isa = PBXContainerItemProxy;
			containerPortal = 619C1FA11AEBECEF00DA1F6A /* Project object */;
			proxyType = 1;
			remoteGlobalIDString = 619C1FA81AEBECEF00DA1F6A;
			remoteInfo = "ToDoList-Swift";
		};
/* End PBXContainerItemProxy section */

/* Begin PBXFileReference section */
		619C1FA91AEBECEF00DA1F6A /* ToDoList-Swift.app */ = {isa = PBXFileReference; explicitFileType = wrapper.application; includeInIndex = 0; path = "ToDoList-Swift.app"; sourceTree = BUILT_PRODUCTS_DIR; };
		619C1FAD1AEBECEF00DA1F6A /* Info.plist */ = {isa = PBXFileReference; lastKnownFileType = text.plist.xml; path = Info.plist; sourceTree = "<group>"; };
		619C1FAE1AEBECEF00DA1F6A /* AppDelegate.swift */ = {isa = PBXFileReference; lastKnownFileType = sourcecode.swift; path = AppDelegate.swift; sourceTree = "<group>"; };
		619C1FB11AEBECEF00DA1F6A /* ToDoList_Swift.xcdatamodel */ = {isa = PBXFileReference; lastKnownFileType = wrapper.xcdatamodel; path = ToDoList_Swift.xcdatamodel; sourceTree = "<group>"; };
		619C1FB31AEBECEF00DA1F6A /* LoginViewController.swift */ = {isa = PBXFileReference; lastKnownFileType = sourcecode.swift; path = LoginViewController.swift; sourceTree = "<group>"; };
		619C1FB61AEBECEF00DA1F6A /* Base */ = {isa = PBXFileReference; lastKnownFileType = file.storyboard; name = Base; path = Base.lproj/Main.storyboard; sourceTree = "<group>"; };
		619C1FB81AEBECEF00DA1F6A /* Images.xcassets */ = {isa = PBXFileReference; lastKnownFileType = folder.assetcatalog; path = Images.xcassets; sourceTree = "<group>"; };
		619C1FBB1AEBECEF00DA1F6A /* Base */ = {isa = PBXFileReference; lastKnownFileType = file.xib; name = Base; path = Base.lproj/LaunchScreen.xib; sourceTree = "<group>"; };
		619C1FC11AEBECEF00DA1F6A /* ToDoList-SwiftTests.xctest */ = {isa = PBXFileReference; explicitFileType = wrapper.cfbundle; includeInIndex = 0; path = "ToDoList-SwiftTests.xctest"; sourceTree = BUILT_PRODUCTS_DIR; };
		619C1FC61AEBECEF00DA1F6A /* Info.plist */ = {isa = PBXFileReference; lastKnownFileType = text.plist.xml; path = Info.plist; sourceTree = "<group>"; };
		619C1FC71AEBECEF00DA1F6A /* ToDoList_SwiftTests.swift */ = {isa = PBXFileReference; lastKnownFileType = sourcecode.swift; path = ToDoList_SwiftTests.swift; sourceTree = "<group>"; };
		619C1FD11AEC030F00DA1F6A /* ReturnBackTextField.swift */ = {isa = PBXFileReference; fileEncoding = 4; lastKnownFileType = sourcecode.swift; name = ReturnBackTextField.swift; path = SubClass/ReturnBackTextField.swift; sourceTree = "<group>"; };
		619C1FD31AEC07C500DA1F6A /* CreateAccountViewController.swift */ = {isa = PBXFileReference; fileEncoding = 4; lastKnownFileType = sourcecode.swift; path = CreateAccountViewController.swift; sourceTree = "<group>"; };
/* End PBXFileReference section */

/* Begin PBXFrameworksBuildPhase section */
		619C1FA61AEBECEF00DA1F6A /* Frameworks */ = {
			isa = PBXFrameworksBuildPhase;
			buildActionMask = 2147483647;
			files = (
			);
			runOnlyForDeploymentPostprocessing = 0;
		};
		619C1FBE1AEBECEF00DA1F6A /* Frameworks */ = {
			isa = PBXFrameworksBuildPhase;
			buildActionMask = 2147483647;
			files = (
			);
			runOnlyForDeploymentPostprocessing = 0;
		};
/* End PBXFrameworksBuildPhase section */

/* Begin PBXGroup section */
		619C1FA01AEBECEF00DA1F6A = {
			isa = PBXGroup;
			children = (
				619C1FAB1AEBECEF00DA1F6A /* ToDoList-Swift */,
				619C1FC41AEBECEF00DA1F6A /* ToDoList-SwiftTests */,
				619C1FAA1AEBECEF00DA1F6A /* Products */,
			);
			sourceTree = "<group>";
		};
		619C1FAA1AEBECEF00DA1F6A /* Products */ = {
			isa = PBXGroup;
			children = (
				619C1FA91AEBECEF00DA1F6A /* ToDoList-Swift.app */,
				619C1FC11AEBECEF00DA1F6A /* ToDoList-SwiftTests.xctest */,
			);
			name = Products;
			sourceTree = "<group>";
		};
		619C1FAB1AEBECEF00DA1F6A /* ToDoList-Swift */ = {
			isa = PBXGroup;
			children = (
				619C1FAE1AEBECEF00DA1F6A /* AppDelegate.swift */,
				619C1FB31AEBECEF00DA1F6A /* LoginViewController.swift */,
				619C1FD31AEC07C500DA1F6A /* CreateAccountViewController.swift */,
				619C1FB51AEBECEF00DA1F6A /* Main.storyboard */,
				619C1FB81AEBECEF00DA1F6A /* Images.xcassets */,
				619C1FBA1AEBECEF00DA1F6A /* LaunchScreen.xib */,
				619C1FB01AEBECEF00DA1F6A /* ToDoList_Swift.xcdatamodeld */,
				619C1FAC1AEBECEF00DA1F6A /* Supporting Files */,
				619C1FD11AEC030F00DA1F6A /* ReturnBackTextField.swift */,
			);
			path = "ToDoList-Swift";
			sourceTree = "<group>";
		};
		619C1FAC1AEBECEF00DA1F6A /* Supporting Files */ = {
			isa = PBXGroup;
			children = (
				619C1FAD1AEBECEF00DA1F6A /* Info.plist */,
			);
			name = "Supporting Files";
			sourceTree = "<group>";
		};
		619C1FC41AEBECEF00DA1F6A /* ToDoList-SwiftTests */ = {
			isa = PBXGroup;
			children = (
				619C1FC71AEBECEF00DA1F6A /* ToDoList_SwiftTests.swift */,
				619C1FC51AEBECEF00DA1F6A /* Supporting Files */,
			);
			path = "ToDoList-SwiftTests";
			sourceTree = "<group>";
		};
		619C1FC51AEBECEF00DA1F6A /* Supporting Files */ = {
			isa = PBXGroup;
			children = (
				619C1FC61AEBECEF00DA1F6A /* Info.plist */,
			);
			name = "Supporting Files";
			sourceTree = "<group>";
		};
/* End PBXGroup section */

/* Begin PBXNativeTarget section */
		619C1FA81AEBECEF00DA1F6A /* ToDoList-Swift */ = {
			isa = PBXNativeTarget;
			buildConfigurationList = 619C1FCB1AEBECEF00DA1F6A /* Build configuration list for PBXNativeTarget "ToDoList-Swift" */;
			buildPhases = (
				619C1FA51AEBECEF00DA1F6A /* Sources */,
				619C1FA61AEBECEF00DA1F6A /* Frameworks */,
				619C1FA71AEBECEF00DA1F6A /* Resources */,
			);
			buildRules = (
			);
			dependencies = (
			);
			name = "ToDoList-Swift";
			productName = "ToDoList-Swift";
			productReference = 619C1FA91AEBECEF00DA1F6A /* ToDoList-Swift.app */;
			productType = "com.apple.product-type.application";
		};
		619C1FC01AEBECEF00DA1F6A /* ToDoList-SwiftTests */ = {
			isa = PBXNativeTarget;
			buildConfigurationList = 619C1FCE1AEBECEF00DA1F6A /* Build configuration list for PBXNativeTarget "ToDoList-SwiftTests" */;
			buildPhases = (
				619C1FBD1AEBECEF00DA1F6A /* Sources */,
				619C1FBE1AEBECEF00DA1F6A /* Frameworks */,
				619C1FBF1AEBECEF00DA1F6A /* Resources */,
			);
			buildRules = (
			);
			dependencies = (
				619C1FC31AEBECEF00DA1F6A /* PBXTargetDependency */,
			);
			name = "ToDoList-SwiftTests";
			productName = "ToDoList-SwiftTests";
			productReference = 619C1FC11AEBECEF00DA1F6A /* ToDoList-SwiftTests.xctest */;
			productType = "com.apple.product-type.bundle.unit-test";
		};
/* End PBXNativeTarget section */

/* Begin PBXProject section */
		619C1FA11AEBECEF00DA1F6A /* Project object */ = {
			isa = PBXProject;
			attributes = {
				LastUpgradeCheck = 0620;
				ORGANIZATIONNAME = y.shibata;
				TargetAttributes = {
					619C1FA81AEBECEF00DA1F6A = {
						CreatedOnToolsVersion = 6.2;
					};
					619C1FC01AEBECEF00DA1F6A = {
						CreatedOnToolsVersion = 6.2;
						TestTargetID = 619C1FA81AEBECEF00DA1F6A;
					};
				};
			};
			buildConfigurationList = 619C1FA41AEBECEF00DA1F6A /* Build configuration list for PBXProject "ToDoList-Swift" */;
			compatibilityVersion = "Xcode 3.2";
			developmentRegion = English;
			hasScannedForEncodings = 0;
			knownRegions = (
				en,
				Base,
			);
			mainGroup = 619C1FA01AEBECEF00DA1F6A;
			productRefGroup = 619C1FAA1AEBECEF00DA1F6A /* Products */;
			projectDirPath = "";
			projectRoot = "";
			targets = (
				619C1FA81AEBECEF00DA1F6A /* ToDoList-Swift */,
				619C1FC01AEBECEF00DA1F6A /* ToDoList-SwiftTests */,
			);
		};
/* End PBXProject section */

/* Begin PBXResourcesBuildPhase section */
		619C1FA71AEBECEF00DA1F6A /* Resources */ = {
			isa = PBXResourcesBuildPhase;
			buildActionMask = 2147483647;
			files = (
				619C1FB71AEBECEF00DA1F6A /* Main.storyboard in Resources */,
				619C1FBC1AEBECEF00DA1F6A /* LaunchScreen.xib in Resources */,
				619C1FB91AEBECEF00DA1F6A /* Images.xcassets in Resources */,
			);
			runOnlyForDeploymentPostprocessing = 0;
		};
		619C1FBF1AEBECEF00DA1F6A /* Resources */ = {
			isa = PBXResourcesBuildPhase;
			buildActionMask = 2147483647;
			files = (
			);
			runOnlyForDeploymentPostprocessing = 0;
		};
/* End PBXResourcesBuildPhase section */

/* Begin PBXSourcesBuildPhase section */
		619C1FA51AEBECEF00DA1F6A /* Sources */ = {
			isa = PBXSourcesBuildPhase;
			buildActionMask = 2147483647;
			files = (
				619C1FD41AEC07C500DA1F6A /* CreateAccountViewController.swift in Sources */,
				619C1FB41AEBECEF00DA1F6A /* LoginViewController.swift in Sources */,
				619C1FAF1AEBECEF00DA1F6A /* AppDelegate.swift in Sources */,
				619C1FD21AEC030F00DA1F6A /* ReturnBackTextField.swift in Sources */,
				619C1FB21AEBECEF00DA1F6A /* ToDoList_Swift.xcdatamodeld in Sources */,
			);
			runOnlyForDeploymentPostprocessing = 0;
		};
		619C1FBD1AEBECEF00DA1F6A /* Sources */ = {
			isa = PBXSourcesBuildPhase;
			buildActionMask = 2147483647;
			files = (
				619C1FC81AEBECEF00DA1F6A /* ToDoList_SwiftTests.swift in Sources */,
			);
			runOnlyForDeploymentPostprocessing = 0;
		};
/* End PBXSourcesBuildPhase section */

/* Begin PBXTargetDependency section */
		619C1FC31AEBECEF00DA1F6A /* PBXTargetDependency */ = {
			isa = PBXTargetDependency;
			target = 619C1FA81AEBECEF00DA1F6A /* ToDoList-Swift */;
			targetProxy = 619C1FC21AEBECEF00DA1F6A /* PBXContainerItemProxy */;
		};
/* End PBXTargetDependency section */

/* Begin PBXVariantGroup section */
		619C1FB51AEBECEF00DA1F6A /* Main.storyboard */ = {
			isa = PBXVariantGroup;
			children = (
				619C1FB61AEBECEF00DA1F6A /* Base */,
			);
			name = Main.storyboard;
			sourceTree = "<group>";
		};
		619C1FBA1AEBECEF00DA1F6A /* LaunchScreen.xib */ = {
			isa = PBXVariantGroup;
			children = (
				619C1FBB1AEBECEF00DA1F6A /* Base */,
			);
			name = LaunchScreen.xib;
			sourceTree = "<group>";
		};
/* End PBXVariantGroup section */

/* Begin XCBuildConfiguration section */
		619C1FC91AEBECEF00DA1F6A /* Debug */ = {
			isa = XCBuildConfiguration;
			buildSettings = {
				ALWAYS_SEARCH_USER_PATHS = NO;
				CLANG_CXX_LANGUAGE_STANDARD = "gnu++0x";
				CLANG_CXX_LIBRARY = "libc++";
				CLANG_ENABLE_MODULES = YES;
				CLANG_ENABLE_OBJC_ARC = YES;
				CLANG_WARN_BOOL_CONVERSION = YES;
				CLANG_WARN_CONSTANT_CONVERSION = YES;
				CLANG_WARN_DIRECT_OBJC_ISA_USAGE = YES_ERROR;
				CLANG_WARN_EMPTY_BODY = YES;
				CLANG_WARN_ENUM_CONVERSION = YES;
				CLANG_WARN_INT_CONVERSION = YES;
				CLANG_WARN_OBJC_ROOT_CLASS = YES_ERROR;
				CLANG_WARN_UNREACHABLE_CODE = YES;
				CLANG_WARN__DUPLICATE_METHOD_MATCH = YES;
				"CODE_SIGN_IDENTITY[sdk=iphoneos*]" = "iPhone Developer";
				COPY_PHASE_STRIP = NO;
				ENABLE_STRICT_OBJC_MSGSEND = YES;
				GCC_C_LANGUAGE_STANDARD = gnu99;
				GCC_DYNAMIC_NO_PIC = NO;
				GCC_OPTIMIZATION_LEVEL = 0;
				GCC_PREPROCESSOR_DEFINITIONS = (
					"DEBUG=1",
					"$(inherited)",
				);
				GCC_SYMBOLS_PRIVATE_EXTERN = NO;
				GCC_WARN_64_TO_32_BIT_CONVERSION = YES;
				GCC_WARN_ABOUT_RETURN_TYPE = YES_ERROR;
				GCC_WARN_UNDECLARED_SELECTOR = YES;
				GCC_WARN_UNINITIALIZED_AUTOS = YES_AGGRESSIVE;
				GCC_WARN_UNUSED_FUNCTION = YES;
				GCC_WARN_UNUSED_VARIABLE = YES;
				IPHONEOS_DEPLOYMENT_TARGET = 8.2;
				MTL_ENABLE_DEBUG_INFO = YES;
				ONLY_ACTIVE_ARCH = YES;
				SDKROOT = iphoneos;
				SWIFT_OPTIMIZATION_LEVEL = "-Onone";
				TARGETED_DEVICE_FAMILY = "1,2";
			};
			name = Debug;
		};
		619C1FCA1AEBECEF00DA1F6A /* Release */ = {
			isa = XCBuildConfiguration;
			buildSettings = {
				ALWAYS_SEARCH_USER_PATHS = NO;
				CLANG_CXX_LANGUAGE_STANDARD = "gnu++0x";
				CLANG_CXX_LIBRARY = "libc++";
				CLANG_ENABLE_MODULES = YES;
				CLANG_ENABLE_OBJC_ARC = YES;
				CLANG_WARN_BOOL_CONVERSION = YES;
				CLANG_WARN_CONSTANT_CONVERSION = YES;
				CLANG_WARN_DIRECT_OBJC_ISA_USAGE = YES_ERROR;
				CLANG_WARN_EMPTY_BODY = YES;
				CLANG_WARN_ENUM_CONVERSION = YES;
				CLANG_WARN_INT_CONVERSION = YES;
				CLANG_WARN_OBJC_ROOT_CLASS = YES_ERROR;
				CLANG_WARN_UNREACHABLE_CODE = YES;
				CLANG_WARN__DUPLICATE_METHOD_MATCH = YES;
				"CODE_SIGN_IDENTITY[sdk=iphoneos*]" = "iPhone Developer";
				COPY_PHASE_STRIP = NO;
				ENABLE_NS_ASSERTIONS = NO;
				ENABLE_STRICT_OBJC_MSGSEND = YES;
				GCC_C_LANGUAGE_STANDARD = gnu99;
				GCC_WARN_64_TO_32_BIT_CONVERSION = YES;
				GCC_WARN_ABOUT_RETURN_TYPE = YES_ERROR;
				GCC_WARN_UNDECLARED_SELECTOR = YES;
				GCC_WARN_UNINITIALIZED_AUTOS = YES_AGGRESSIVE;
				GCC_WARN_UNUSED_FUNCTION = YES;
				GCC_WARN_UNUSED_VARIABLE = YES;
				IPHONEOS_DEPLOYMENT_TARGET = 8.2;
				MTL_ENABLE_DEBUG_INFO = NO;
				SDKROOT = iphoneos;
				TARGETED_DEVICE_FAMILY = "1,2";
				VALIDATE_PRODUCT = YES;
			};
			name = Release;
		};
		619C1FCC1AEBECEF00DA1F6A /* Debug */ = {
			isa = XCBuildConfiguration;
			buildSettings = {
				ASSETCATALOG_COMPILER_APPICON_NAME = AppIcon;
				INFOPLIST_FILE = "ToDoList-Swift/Info.plist";
				LD_RUNPATH_SEARCH_PATHS = "$(inherited) @executable_path/Frameworks";
				PRODUCT_NAME = "$(TARGET_NAME)";
			};
			name = Debug;
		};
		619C1FCD1AEBECEF00DA1F6A /* Release */ = {
			isa = XCBuildConfiguration;
			buildSettings = {
				ASSETCATALOG_COMPILER_APPICON_NAME = AppIcon;
				INFOPLIST_FILE = "ToDoList-Swift/Info.plist";
				LD_RUNPATH_SEARCH_PATHS = "$(inherited) @executable_path/Frameworks";
				PRODUCT_NAME = "$(TARGET_NAME)";
			};
			name = Release;
		};
		619C1FCF1AEBECEF00DA1F6A /* Debug */ = {
			isa = XCBuildConfiguration;
			buildSettings = {
				BUNDLE_LOADER = "$(TEST_HOST)";
				FRAMEWORK_SEARCH_PATHS = (
					"$(SDKROOT)/Developer/Library/Frameworks",
					"$(inherited)",
				);
				GCC_PREPROCESSOR_DEFINITIONS = (
					"DEBUG=1",
					"$(inherited)",
				);
				INFOPLIST_FILE = "ToDoList-SwiftTests/Info.plist";
				LD_RUNPATH_SEARCH_PATHS = "$(inherited) @executable_path/Frameworks @loader_path/Frameworks";
				PRODUCT_NAME = "$(TARGET_NAME)";
				TEST_HOST = "$(BUILT_PRODUCTS_DIR)/ToDoList-Swift.app/ToDoList-Swift";
			};
			name = Debug;
		};
		619C1FD01AEBECEF00DA1F6A /* Release */ = {
			isa = XCBuildConfiguration;
			buildSettings = {
				BUNDLE_LOADER = "$(TEST_HOST)";
				FRAMEWORK_SEARCH_PATHS = (
					"$(SDKROOT)/Developer/Library/Frameworks",
					"$(inherited)",
				);
				INFOPLIST_FILE = "ToDoList-SwiftTests/Info.plist";
				LD_RUNPATH_SEARCH_PATHS = "$(inherited) @executable_path/Frameworks @loader_path/Frameworks";
				PRODUCT_NAME = "$(TARGET_NAME)";
				TEST_HOST = "$(BUILT_PRODUCTS_DIR)/ToDoList-Swift.app/ToDoList-Swift";
			};
			name = Release;
		};
/* End XCBuildConfiguration section */

/* Begin XCConfigurationList section */
		619C1FA41AEBECEF00DA1F6A /* Build configuration list for PBXProject "ToDoList-Swift" */ = {
			isa = XCConfigurationList;
			buildConfigurations = (
				619C1FC91AEBECEF00DA1F6A /* Debug */,
				619C1FCA1AEBECEF00DA1F6A /* Release */,
			);
			defaultConfigurationIsVisible = 0;
			defaultConfigurationName = Release;
		};
		619C1FCB1AEBECEF00DA1F6A /* Build configuration list for PBXNativeTarget "ToDoList-Swift" */ = {
			isa = XCConfigurationList;
			buildConfigurations = (
				619C1FCC1AEBECEF00DA1F6A /* Debug */,
				619C1FCD1AEBECEF00DA1F6A /* Release */,
			);
			defaultConfigurationIsVisible = 0;
			defaultConfigurationName = Release;
		};
		619C1FCE1AEBECEF00DA1F6A /* Build configuration list for PBXNativeTarget "ToDoList-SwiftTests" */ = {
			isa = XCConfigurationList;
			buildConfigurations = (
				619C1FCF1AEBECEF00DA1F6A /* Debug */,
				619C1FD01AEBECEF00DA1F6A /* Release */,
			);
			defaultConfigurationIsVisible = 0;
			defaultConfigurationName = Release;
		};
/* End XCConfigurationList section */

/* Begin XCVersionGroup section */
		619C1FB01AEBECEF00DA1F6A /* ToDoList_Swift.xcdatamodeld */ = {
			isa = XCVersionGroup;
			children = (
				619C1FB11AEBECEF00DA1F6A /* ToDoList_Swift.xcdatamodel */,
			);
			currentVersion = 619C1FB11AEBECEF00DA1F6A /* ToDoList_Swift.xcdatamodel */;
			path = ToDoList_Swift.xcdatamodeld;
			sourceTree = "<group>";
			versionGroupType = wrapper.xcdatamodel;
		};
/* End XCVersionGroup section */
	};
	rootObject = 619C1FA11AEBECEF00DA1F6A /* Project object */;
}
